// !$*UTF8*$!
{
	archiveVersion = 1;
	classes = {
	};
	objectVersion = 50;
	objects = {

/* Begin PBXBuildFile section */
		523F837624F841CF004BB760 /* InfoDebtorView.swift in Sources */ = {isa = PBXBuildFile; fileRef = 523F837524F841CF004BB760 /* InfoDebtorView.swift */; };
		523F837824F84441004BB760 /* InfoDebtorSection.swift in Sources */ = {isa = PBXBuildFile; fileRef = 523F837724F84441004BB760 /* InfoDebtorSection.swift */; };
		524CE76524F7E49C00BC0DB1 /* AppDelegate.swift in Sources */ = {isa = PBXBuildFile; fileRef = 524CE76424F7E49C00BC0DB1 /* AppDelegate.swift */; };
		524CE76724F7E49C00BC0DB1 /* SceneDelegate.swift in Sources */ = {isa = PBXBuildFile; fileRef = 524CE76624F7E49C00BC0DB1 /* SceneDelegate.swift */; };
		524CE76B24F7E4A000BC0DB1 /* Assets.xcassets in Resources */ = {isa = PBXBuildFile; fileRef = 524CE76A24F7E4A000BC0DB1 /* Assets.xcassets */; };
		524CE76E24F7E4A000BC0DB1 /* Preview Assets.xcassets in Resources */ = {isa = PBXBuildFile; fileRef = 524CE76D24F7E4A000BC0DB1 /* Preview Assets.xcassets */; };
		524CE77124F7E4A000BC0DB1 /* LaunchScreen.storyboard in Resources */ = {isa = PBXBuildFile; fileRef = 524CE76F24F7E4A000BC0DB1 /* LaunchScreen.storyboard */; };
		524CE77C24F7E4A000BC0DB1 /* CitilinkTestAppTests.swift in Sources */ = {isa = PBXBuildFile; fileRef = 524CE77B24F7E4A000BC0DB1 /* CitilinkTestAppTests.swift */; };
		524CE78924F7E9CA00BC0DB1 /* Debtor.swift in Sources */ = {isa = PBXBuildFile; fileRef = 524CE78824F7E9CA00BC0DB1 /* Debtor.swift */; };
		524CE78B24F7EBEF00BC0DB1 /* MainResponse.swift in Sources */ = {isa = PBXBuildFile; fileRef = 524CE78A24F7EBEF00BC0DB1 /* MainResponse.swift */; };
		524CE79124F7ED5500BC0DB1 /* HTTPStatusCode.swift in Sources */ = {isa = PBXBuildFile; fileRef = 524CE79024F7ED5500BC0DB1 /* HTTPStatusCode.swift */; };
		524CE79424F7EDF400BC0DB1 /* GetRequest.swift in Sources */ = {isa = PBXBuildFile; fileRef = 524CE79324F7EDF400BC0DB1 /* GetRequest.swift */; };
		524CE79624F7EE8400BC0DB1 /* NetworkResult.swift in Sources */ = {isa = PBXBuildFile; fileRef = 524CE79524F7EE8400BC0DB1 /* NetworkResult.swift */; };
		524CE79B24F7EFCA00BC0DB1 /* URLSession.swift in Sources */ = {isa = PBXBuildFile; fileRef = 524CE79A24F7EFCA00BC0DB1 /* URLSession.swift */; };
		524CE79F24F7F59A00BC0DB1 /* Encodable.swift in Sources */ = {isa = PBXBuildFile; fileRef = 524CE79E24F7F59A00BC0DB1 /* Encodable.swift */; };
		524CE7A224F7F62B00BC0DB1 /* TaskParameters.swift in Sources */ = {isa = PBXBuildFile; fileRef = 524CE7A124F7F62B00BC0DB1 /* TaskParameters.swift */; };
		5256A6F224F7FA76002E1BDA /* InputDataView.swift in Sources */ = {isa = PBXBuildFile; fileRef = 5256A6F124F7FA76002E1BDA /* InputDataView.swift */; };
		5256A6F524F7FAF6002E1BDA /* TextFieldWithErrorAndTitle.swift in Sources */ = {isa = PBXBuildFile; fileRef = 5256A6F424F7FAF6002E1BDA /* TextFieldWithErrorAndTitle.swift */; };
		5256A6F724F7FC8F002E1BDA /* TextFieldView.swift in Sources */ = {isa = PBXBuildFile; fileRef = 5256A6F624F7FC8F002E1BDA /* TextFieldView.swift */; };
		5256A6F924F7FD6A002E1BDA /* Colors.xcassets in Resources */ = {isa = PBXBuildFile; fileRef = 5256A6F824F7FD6A002E1BDA /* Colors.xcassets */; };
		5256A6FB24F7FD86002E1BDA /* Colors.swift in Sources */ = {isa = PBXBuildFile; fileRef = 5256A6FA24F7FD86002E1BDA /* Colors.swift */; };
		5256A6FD24F7FF2A002E1BDA /* InputDataViewModel.swift in Sources */ = {isa = PBXBuildFile; fileRef = 5256A6FC24F7FF2A002E1BDA /* InputDataViewModel.swift */; };
		5256A70124F80940002E1BDA /* Localizable.strings in Resources */ = {isa = PBXBuildFile; fileRef = 5256A70324F80940002E1BDA /* Localizable.strings */; };
		5256A70524F80A33002E1BDA /* LocalizedStringProvider.swift in Sources */ = {isa = PBXBuildFile; fileRef = 5256A70424F80A33002E1BDA /* LocalizedStringProvider.swift */; };
		5256A70724F80FB7002E1BDA /* String.swift in Sources */ = {isa = PBXBuildFile; fileRef = 5256A70624F80FB7002E1BDA /* String.swift */; };
		5256A70A24F81574002E1BDA /* BirthdayText.swift in Sources */ = {isa = PBXBuildFile; fileRef = 5256A70924F81574002E1BDA /* BirthdayText.swift */; };
		5256A70C24F82C27002E1BDA /* ButtonNext.swift in Sources */ = {isa = PBXBuildFile; fileRef = 5256A70B24F82C27002E1BDA /* ButtonNext.swift */; };
		5256A70E24F82E23002E1BDA /* ActivityIndicator.swift in Sources */ = {isa = PBXBuildFile; fileRef = 5256A70D24F82E23002E1BDA /* ActivityIndicator.swift */; };
		5256A71624F8355F002E1BDA /* ListDebtorView.swift in Sources */ = {isa = PBXBuildFile; fileRef = 5256A71524F8355F002E1BDA /* ListDebtorView.swift */; };
		5256A71C24F83669002E1BDA /* ListDebtorViewModel.swift in Sources */ = {isa = PBXBuildFile; fileRef = 5256A71B24F83669002E1BDA /* ListDebtorViewModel.swift */; };
		5256A71F24F83715002E1BDA /* MockListDebtorViewModel.swift in Sources */ = {isa = PBXBuildFile; fileRef = 5256A71E24F83715002E1BDA /* MockListDebtorViewModel.swift */; };
		5256A72124F83771002E1BDA /* Debtors.json in Resources */ = {isa = PBXBuildFile; fileRef = 5256A72024F83771002E1BDA /* Debtors.json */; };
		5256A72324F837E8002E1BDA /* JsonObject.swift in Sources */ = {isa = PBXBuildFile; fileRef = 5256A72224F837E8002E1BDA /* JsonObject.swift */; };
		525E60CE24F8EDE700B2565E /* TaskNetworkClient.swift in Sources */ = {isa = PBXBuildFile; fileRef = 525E60CD24F8EDE700B2565E /* TaskNetworkClient.swift */; };
		525E60D224F8FE9C00B2565E /* ApiKeys.plist in Resources */ = {isa = PBXBuildFile; fileRef = 525E60D124F8FE9C00B2565E /* ApiKeys.plist */; };
		525E60D524F8FFA000B2565E /* Deobfuscation.swift in Sources */ = {isa = PBXBuildFile; fileRef = 525E60D424F8FFA000B2565E /* Deobfuscation.swift */; };
		525E60D724F902D500B2565E /* ApiKeys.swift in Sources */ = {isa = PBXBuildFile; fileRef = 525E60D624F902D500B2565E /* ApiKeys.swift */; };
		525E60D924F9031800B2565E /* Endpoints.plist in Resources */ = {isa = PBXBuildFile; fileRef = 525E60D824F9031800B2565E /* Endpoints.plist */; };
		525E60DB24F903FB00B2565E /* Endpoints.swift in Sources */ = {isa = PBXBuildFile; fileRef = 525E60DA24F903FB00B2565E /* Endpoints.swift */; };
		525E60DE24F9044500B2565E /* DIContainer.swift in Sources */ = {isa = PBXBuildFile; fileRef = 525E60DD24F9044500B2565E /* DIContainer.swift */; };
		525E60E024F904AB00B2565E /* Plist.swift in Sources */ = {isa = PBXBuildFile; fileRef = 525E60DF24F904AB00B2565E /* Plist.swift */; };
		525E60E224F905DD00B2565E /* InputDataConstants.swift in Sources */ = {isa = PBXBuildFile; fileRef = 525E60E124F905DD00B2565E /* InputDataConstants.swift */; };
		52D2C0D524F9841A00A80609 /* NetworkClientFactory.swift in Sources */ = {isa = PBXBuildFile; fileRef = 52D2C0D424F9841A00A80609 /* NetworkClientFactory.swift */; };
		52D2C0D724F9888400A80609 /* NetworkError.swift in Sources */ = {isa = PBXBuildFile; fileRef = 52D2C0D624F9888300A80609 /* NetworkError.swift */; };
		52D2C0D924F989A600A80609 /* Task.swift in Sources */ = {isa = PBXBuildFile; fileRef = 52D2C0D824F989A600A80609 /* Task.swift */; };
		52D2C0DB24F98D0A00A80609 /* DebtorsDataNetworkClient.swift in Sources */ = {isa = PBXBuildFile; fileRef = 52D2C0DA24F98D0A00A80609 /* DebtorsDataNetworkClient.swift */; };
		52D2C0DD24F98ECD00A80609 /* Log.swift in Sources */ = {isa = PBXBuildFile; fileRef = 52D2C0DC24F98ECD00A80609 /* Log.swift */; };
		52D2C0DF24F992ED00A80609 /* DebtorsNetworkClient.swift in Sources */ = {isa = PBXBuildFile; fileRef = 52D2C0DE24F992ED00A80609 /* DebtorsNetworkClient.swift */; };
		52D2C0E124F993B200A80609 /* DebtorsParameters.swift in Sources */ = {isa = PBXBuildFile; fileRef = 52D2C0E024F993B200A80609 /* DebtorsParameters.swift */; };
		52F941D824F99B4000131B5F /* StatusNetworkClient.swift in Sources */ = {isa = PBXBuildFile; fileRef = 52F941D724F99B4000131B5F /* StatusNetworkClient.swift */; };
		52F941DA24F99C2400131B5F /* Status.swift in Sources */ = {isa = PBXBuildFile; fileRef = 52F941D924F99C2400131B5F /* Status.swift */; };
		52F941DC24F99C6E00131B5F /* TaskStatus.swift in Sources */ = {isa = PBXBuildFile; fileRef = 52F941DB24F99C6E00131B5F /* TaskStatus.swift */; };
		52F941DE24F99DE300131B5F /* Throttler.swift in Sources */ = {isa = PBXBuildFile; fileRef = 52F941DD24F99DE300131B5F /* Throttler.swift */; };
		52F941E024F9B01400131B5F /* UIApplication.swift in Sources */ = {isa = PBXBuildFile; fileRef = 52F941DF24F9B01400131B5F /* UIApplication.swift */; };
/* End PBXBuildFile section */

/* Begin PBXContainerItemProxy section */
		524CE77824F7E4A000BC0DB1 /* PBXContainerItemProxy */ = {
			isa = PBXContainerItemProxy;
			containerPortal = 524CE75924F7E49C00BC0DB1 /* Project object */;
			proxyType = 1;
			remoteGlobalIDString = 524CE76024F7E49C00BC0DB1;
			remoteInfo = CitilinkTestApp;
		};
/* End PBXContainerItemProxy section */

/* Begin PBXFileReference section */
		523F837524F841CF004BB760 /* InfoDebtorView.swift */ = {isa = PBXFileReference; lastKnownFileType = sourcecode.swift; path = InfoDebtorView.swift; sourceTree = "<group>"; };
		523F837724F84441004BB760 /* InfoDebtorSection.swift */ = {isa = PBXFileReference; lastKnownFileType = sourcecode.swift; path = InfoDebtorSection.swift; sourceTree = "<group>"; };
		524CE76124F7E49C00BC0DB1 /* CitilinkTestApp.app */ = {isa = PBXFileReference; explicitFileType = wrapper.application; includeInIndex = 0; path = CitilinkTestApp.app; sourceTree = BUILT_PRODUCTS_DIR; };
		524CE76424F7E49C00BC0DB1 /* AppDelegate.swift */ = {isa = PBXFileReference; lastKnownFileType = sourcecode.swift; path = AppDelegate.swift; sourceTree = "<group>"; };
		524CE76624F7E49C00BC0DB1 /* SceneDelegate.swift */ = {isa = PBXFileReference; lastKnownFileType = sourcecode.swift; path = SceneDelegate.swift; sourceTree = "<group>"; };
		524CE76A24F7E4A000BC0DB1 /* Assets.xcassets */ = {isa = PBXFileReference; lastKnownFileType = folder.assetcatalog; path = Assets.xcassets; sourceTree = "<group>"; };
		524CE76D24F7E4A000BC0DB1 /* Preview Assets.xcassets */ = {isa = PBXFileReference; lastKnownFileType = folder.assetcatalog; path = "Preview Assets.xcassets"; sourceTree = "<group>"; };
		524CE77024F7E4A000BC0DB1 /* Base */ = {isa = PBXFileReference; lastKnownFileType = file.storyboard; name = Base; path = Base.lproj/LaunchScreen.storyboard; sourceTree = "<group>"; };
		524CE77224F7E4A000BC0DB1 /* Info.plist */ = {isa = PBXFileReference; lastKnownFileType = text.plist.xml; path = Info.plist; sourceTree = "<group>"; };
		524CE77724F7E4A000BC0DB1 /* CitilinkTestAppTests.xctest */ = {isa = PBXFileReference; explicitFileType = wrapper.cfbundle; includeInIndex = 0; path = CitilinkTestAppTests.xctest; sourceTree = BUILT_PRODUCTS_DIR; };
		524CE77B24F7E4A000BC0DB1 /* CitilinkTestAppTests.swift */ = {isa = PBXFileReference; lastKnownFileType = sourcecode.swift; path = CitilinkTestAppTests.swift; sourceTree = "<group>"; };
		524CE77D24F7E4A000BC0DB1 /* Info.plist */ = {isa = PBXFileReference; lastKnownFileType = text.plist.xml; path = Info.plist; sourceTree = "<group>"; };
		524CE78824F7E9CA00BC0DB1 /* Debtor.swift */ = {isa = PBXFileReference; lastKnownFileType = sourcecode.swift; path = Debtor.swift; sourceTree = "<group>"; };
		524CE78A24F7EBEF00BC0DB1 /* MainResponse.swift */ = {isa = PBXFileReference; lastKnownFileType = sourcecode.swift; path = MainResponse.swift; sourceTree = "<group>"; };
		524CE79024F7ED5500BC0DB1 /* HTTPStatusCode.swift */ = {isa = PBXFileReference; lastKnownFileType = sourcecode.swift; path = HTTPStatusCode.swift; sourceTree = "<group>"; };
		524CE79324F7EDF400BC0DB1 /* GetRequest.swift */ = {isa = PBXFileReference; lastKnownFileType = sourcecode.swift; path = GetRequest.swift; sourceTree = "<group>"; };
		524CE79524F7EE8400BC0DB1 /* NetworkResult.swift */ = {isa = PBXFileReference; lastKnownFileType = sourcecode.swift; path = NetworkResult.swift; sourceTree = "<group>"; };
		524CE79A24F7EFCA00BC0DB1 /* URLSession.swift */ = {isa = PBXFileReference; lastKnownFileType = sourcecode.swift; path = URLSession.swift; sourceTree = "<group>"; };
		524CE79E24F7F59A00BC0DB1 /* Encodable.swift */ = {isa = PBXFileReference; lastKnownFileType = sourcecode.swift; path = Encodable.swift; sourceTree = "<group>"; };
		524CE7A124F7F62B00BC0DB1 /* TaskParameters.swift */ = {isa = PBXFileReference; lastKnownFileType = sourcecode.swift; path = TaskParameters.swift; sourceTree = "<group>"; };
		5256A6F124F7FA76002E1BDA /* InputDataView.swift */ = {isa = PBXFileReference; lastKnownFileType = sourcecode.swift; path = InputDataView.swift; sourceTree = "<group>"; };
		5256A6F424F7FAF6002E1BDA /* TextFieldWithErrorAndTitle.swift */ = {isa = PBXFileReference; lastKnownFileType = sourcecode.swift; path = TextFieldWithErrorAndTitle.swift; sourceTree = "<group>"; };
		5256A6F624F7FC8F002E1BDA /* TextFieldView.swift */ = {isa = PBXFileReference; lastKnownFileType = sourcecode.swift; path = TextFieldView.swift; sourceTree = "<group>"; };
		5256A6F824F7FD6A002E1BDA /* Colors.xcassets */ = {isa = PBXFileReference; lastKnownFileType = folder.assetcatalog; path = Colors.xcassets; sourceTree = "<group>"; };
		5256A6FA24F7FD86002E1BDA /* Colors.swift */ = {isa = PBXFileReference; lastKnownFileType = sourcecode.swift; path = Colors.swift; sourceTree = "<group>"; };
		5256A6FC24F7FF2A002E1BDA /* InputDataViewModel.swift */ = {isa = PBXFileReference; lastKnownFileType = sourcecode.swift; path = InputDataViewModel.swift; sourceTree = "<group>"; };
		5256A70224F80940002E1BDA /* en */ = {isa = PBXFileReference; lastKnownFileType = text.plist.strings; name = en; path = en.lproj/Localizable.strings; sourceTree = "<group>"; };
		5256A70424F80A33002E1BDA /* LocalizedStringProvider.swift */ = {isa = PBXFileReference; lastKnownFileType = sourcecode.swift; path = LocalizedStringProvider.swift; sourceTree = "<group>"; };
		5256A70624F80FB7002E1BDA /* String.swift */ = {isa = PBXFileReference; lastKnownFileType = sourcecode.swift; path = String.swift; sourceTree = "<group>"; };
		5256A70924F81574002E1BDA /* BirthdayText.swift */ = {isa = PBXFileReference; lastKnownFileType = sourcecode.swift; path = BirthdayText.swift; sourceTree = "<group>"; };
		5256A70B24F82C27002E1BDA /* ButtonNext.swift */ = {isa = PBXFileReference; lastKnownFileType = sourcecode.swift; path = ButtonNext.swift; sourceTree = "<group>"; };
		5256A70D24F82E23002E1BDA /* ActivityIndicator.swift */ = {isa = PBXFileReference; lastKnownFileType = sourcecode.swift; path = ActivityIndicator.swift; sourceTree = "<group>"; };
		5256A71524F8355F002E1BDA /* ListDebtorView.swift */ = {isa = PBXFileReference; lastKnownFileType = sourcecode.swift; path = ListDebtorView.swift; sourceTree = "<group>"; };
		5256A71B24F83669002E1BDA /* ListDebtorViewModel.swift */ = {isa = PBXFileReference; lastKnownFileType = sourcecode.swift; path = ListDebtorViewModel.swift; sourceTree = "<group>"; };
		5256A71E24F83715002E1BDA /* MockListDebtorViewModel.swift */ = {isa = PBXFileReference; lastKnownFileType = sourcecode.swift; path = MockListDebtorViewModel.swift; sourceTree = "<group>"; };
		5256A72024F83771002E1BDA /* Debtors.json */ = {isa = PBXFileReference; fileEncoding = 4; lastKnownFileType = text.json; path = Debtors.json; sourceTree = "<group>"; };
		5256A72224F837E8002E1BDA /* JsonObject.swift */ = {isa = PBXFileReference; lastKnownFileType = sourcecode.swift; path = JsonObject.swift; sourceTree = "<group>"; };
		525E60CD24F8EDE700B2565E /* TaskNetworkClient.swift */ = {isa = PBXFileReference; lastKnownFileType = sourcecode.swift; path = TaskNetworkClient.swift; sourceTree = "<group>"; };
		525E60D124F8FE9C00B2565E /* ApiKeys.plist */ = {isa = PBXFileReference; lastKnownFileType = text.plist.xml; path = ApiKeys.plist; sourceTree = "<group>"; };
		525E60D424F8FFA000B2565E /* Deobfuscation.swift */ = {isa = PBXFileReference; lastKnownFileType = sourcecode.swift; path = Deobfuscation.swift; sourceTree = "<group>"; };
		525E60D624F902D500B2565E /* ApiKeys.swift */ = {isa = PBXFileReference; lastKnownFileType = sourcecode.swift; path = ApiKeys.swift; sourceTree = "<group>"; };
		525E60D824F9031800B2565E /* Endpoints.plist */ = {isa = PBXFileReference; lastKnownFileType = text.plist.xml; path = Endpoints.plist; sourceTree = "<group>"; };
		525E60DA24F903FB00B2565E /* Endpoints.swift */ = {isa = PBXFileReference; lastKnownFileType = sourcecode.swift; path = Endpoints.swift; sourceTree = "<group>"; };
		525E60DD24F9044500B2565E /* DIContainer.swift */ = {isa = PBXFileReference; lastKnownFileType = sourcecode.swift; path = DIContainer.swift; sourceTree = "<group>"; };
		525E60DF24F904AB00B2565E /* Plist.swift */ = {isa = PBXFileReference; lastKnownFileType = sourcecode.swift; path = Plist.swift; sourceTree = "<group>"; };
		525E60E124F905DD00B2565E /* InputDataConstants.swift */ = {isa = PBXFileReference; lastKnownFileType = sourcecode.swift; path = InputDataConstants.swift; sourceTree = "<group>"; };
		52D2C0D424F9841A00A80609 /* NetworkClientFactory.swift */ = {isa = PBXFileReference; lastKnownFileType = sourcecode.swift; path = NetworkClientFactory.swift; sourceTree = "<group>"; };
		52D2C0D624F9888300A80609 /* NetworkError.swift */ = {isa = PBXFileReference; lastKnownFileType = sourcecode.swift; path = NetworkError.swift; sourceTree = "<group>"; };
		52D2C0D824F989A600A80609 /* Task.swift */ = {isa = PBXFileReference; lastKnownFileType = sourcecode.swift; path = Task.swift; sourceTree = "<group>"; };
		52D2C0DA24F98D0A00A80609 /* DebtorsDataNetworkClient.swift */ = {isa = PBXFileReference; lastKnownFileType = sourcecode.swift; path = DebtorsDataNetworkClient.swift; sourceTree = "<group>"; };
		52D2C0DC24F98ECD00A80609 /* Log.swift */ = {isa = PBXFileReference; lastKnownFileType = sourcecode.swift; path = Log.swift; sourceTree = "<group>"; };
		52D2C0DE24F992ED00A80609 /* DebtorsNetworkClient.swift */ = {isa = PBXFileReference; lastKnownFileType = sourcecode.swift; path = DebtorsNetworkClient.swift; sourceTree = "<group>"; };
		52D2C0E024F993B200A80609 /* DebtorsParameters.swift */ = {isa = PBXFileReference; lastKnownFileType = sourcecode.swift; path = DebtorsParameters.swift; sourceTree = "<group>"; };
		52F941D724F99B4000131B5F /* StatusNetworkClient.swift */ = {isa = PBXFileReference; lastKnownFileType = sourcecode.swift; path = StatusNetworkClient.swift; sourceTree = "<group>"; };
		52F941D924F99C2400131B5F /* Status.swift */ = {isa = PBXFileReference; lastKnownFileType = sourcecode.swift; path = Status.swift; sourceTree = "<group>"; };
		52F941DB24F99C6E00131B5F /* TaskStatus.swift */ = {isa = PBXFileReference; lastKnownFileType = sourcecode.swift; path = TaskStatus.swift; sourceTree = "<group>"; };
		52F941DD24F99DE300131B5F /* Throttler.swift */ = {isa = PBXFileReference; lastKnownFileType = sourcecode.swift; path = Throttler.swift; sourceTree = "<group>"; };
		52F941DF24F9B01400131B5F /* UIApplication.swift */ = {isa = PBXFileReference; lastKnownFileType = sourcecode.swift; path = UIApplication.swift; sourceTree = "<group>"; };
/* End PBXFileReference section */

/* Begin PBXFrameworksBuildPhase section */
		524CE75E24F7E49C00BC0DB1 /* Frameworks */ = {
			isa = PBXFrameworksBuildPhase;
			buildActionMask = 2147483647;
			files = (
			);
			runOnlyForDeploymentPostprocessing = 0;
		};
		524CE77424F7E4A000BC0DB1 /* Frameworks */ = {
			isa = PBXFrameworksBuildPhase;
			buildActionMask = 2147483647;
			files = (
			);
			runOnlyForDeploymentPostprocessing = 0;
		};
/* End PBXFrameworksBuildPhase section */

/* Begin PBXGroup section */
		523F837424F841BF004BB760 /* InfoDebtor */ = {
			isa = PBXGroup;
			children = (
				523F837524F841CF004BB760 /* InfoDebtorView.swift */,
				523F837724F84441004BB760 /* InfoDebtorSection.swift */,
			);
			path = InfoDebtor;
			sourceTree = "<group>";
		};
		524CE75824F7E49C00BC0DB1 = {
			isa = PBXGroup;
			children = (
				524CE76324F7E49C00BC0DB1 /* CitilinkTestApp */,
				524CE77A24F7E4A000BC0DB1 /* CitilinkTestAppTests */,
				524CE76224F7E49C00BC0DB1 /* Products */,
			);
			sourceTree = "<group>";
		};
		524CE76224F7E49C00BC0DB1 /* Products */ = {
			isa = PBXGroup;
			children = (
				524CE76124F7E49C00BC0DB1 /* CitilinkTestApp.app */,
				524CE77724F7E4A000BC0DB1 /* CitilinkTestAppTests.xctest */,
			);
			name = Products;
			sourceTree = "<group>";
		};
		524CE76324F7E49C00BC0DB1 /* CitilinkTestApp */ = {
			isa = PBXGroup;
			children = (
				525E60DD24F9044500B2565E /* DIContainer.swift */,
				525E60D324F8FF9200B2565E /* Service */,
				525E60D024F8FE8A00B2565E /* ApiKeys */,
				525E60CF24F8FE8200B2565E /* Endpoints */,
				5256A6FE24F8091E002E1BDA /* Localization */,
				524CE79924F7EFBA00BC0DB1 /* Extension */,
				524CE79224F7ED9300BC0DB1 /* Enum */,
				524CE78E24F7ECB800BC0DB1 /* NetworlClient */,
				524CE78724F7E97B00BC0DB1 /* Models */,
				5256A6F324F7FAC5002E1BDA /* Views */,
				5256A6F024F7F9B7002E1BDA /* InputData */,
				5256A71424F8351C002E1BDA /* ListDebtor */,
				523F837424F841BF004BB760 /* InfoDebtor */,
				5256A71824F83570002E1BDA /* TestData */,
				524CE76424F7E49C00BC0DB1 /* AppDelegate.swift */,
				524CE76624F7E49C00BC0DB1 /* SceneDelegate.swift */,
				524CE76A24F7E4A000BC0DB1 /* Assets.xcassets */,
				5256A6F824F7FD6A002E1BDA /* Colors.xcassets */,
				524CE76F24F7E4A000BC0DB1 /* LaunchScreen.storyboard */,
				524CE77224F7E4A000BC0DB1 /* Info.plist */,
				524CE76C24F7E4A000BC0DB1 /* Preview Content */,
			);
			path = CitilinkTestApp;
			sourceTree = "<group>";
		};
		524CE76C24F7E4A000BC0DB1 /* Preview Content */ = {
			isa = PBXGroup;
			children = (
				524CE76D24F7E4A000BC0DB1 /* Preview Assets.xcassets */,
			);
			path = "Preview Content";
			sourceTree = "<group>";
		};
		524CE77A24F7E4A000BC0DB1 /* CitilinkTestAppTests */ = {
			isa = PBXGroup;
			children = (
				524CE77B24F7E4A000BC0DB1 /* CitilinkTestAppTests.swift */,
				524CE77D24F7E4A000BC0DB1 /* Info.plist */,
			);
			path = CitilinkTestAppTests;
			sourceTree = "<group>";
		};
		524CE78724F7E97B00BC0DB1 /* Models */ = {
			isa = PBXGroup;
			children = (
				52D2C0E224F993B700A80609 /* Parameters */,
				524CE78824F7E9CA00BC0DB1 /* Debtor.swift */,
				524CE78A24F7EBEF00BC0DB1 /* MainResponse.swift */,
				52D2C0D824F989A600A80609 /* Task.swift */,
				52F941D924F99C2400131B5F /* Status.swift */,
			);
			path = Models;
			sourceTree = "<group>";
		};
		524CE78E24F7ECB800BC0DB1 /* NetworlClient */ = {
			isa = PBXGroup;
			children = (
				524CE79324F7EDF400BC0DB1 /* GetRequest.swift */,
				524CE79524F7EE8400BC0DB1 /* NetworkResult.swift */,
				52D2C0D424F9841A00A80609 /* NetworkClientFactory.swift */,
				52D2C0D624F9888300A80609 /* NetworkError.swift */,
			);
			path = NetworlClient;
			sourceTree = "<group>";
		};
		524CE79224F7ED9300BC0DB1 /* Enum */ = {
			isa = PBXGroup;
			children = (
				524CE79024F7ED5500BC0DB1 /* HTTPStatusCode.swift */,
				52F941DB24F99C6E00131B5F /* TaskStatus.swift */,
			);
			path = Enum;
			sourceTree = "<group>";
		};
		524CE79924F7EFBA00BC0DB1 /* Extension */ = {
			isa = PBXGroup;
			children = (
				524CE79A24F7EFCA00BC0DB1 /* URLSession.swift */,
				524CE79E24F7F59A00BC0DB1 /* Encodable.swift */,
				5256A6FA24F7FD86002E1BDA /* Colors.swift */,
				5256A70624F80FB7002E1BDA /* String.swift */,
				52F941DF24F9B01400131B5F /* UIApplication.swift */,
			);
			path = Extension;
			sourceTree = "<group>";
		};
		5256A6F024F7F9B7002E1BDA /* InputData */ = {
			isa = PBXGroup;
			children = (
				525E60E324F905E000B2565E /* NetworkClient */,
				5256A6F124F7FA76002E1BDA /* InputDataView.swift */,
				5256A6FC24F7FF2A002E1BDA /* InputDataViewModel.swift */,
				525E60E124F905DD00B2565E /* InputDataConstants.swift */,
			);
			path = InputData;
			sourceTree = "<group>";
		};
		5256A6F324F7FAC5002E1BDA /* Views */ = {
			isa = PBXGroup;
			children = (
				5256A6F424F7FAF6002E1BDA /* TextFieldWithErrorAndTitle.swift */,
				5256A6F624F7FC8F002E1BDA /* TextFieldView.swift */,
				5256A70924F81574002E1BDA /* BirthdayText.swift */,
				5256A70B24F82C27002E1BDA /* ButtonNext.swift */,
				5256A70D24F82E23002E1BDA /* ActivityIndicator.swift */,
			);
			path = Views;
			sourceTree = "<group>";
		};
		5256A6FE24F8091E002E1BDA /* Localization */ = {
			isa = PBXGroup;
			children = (
				5256A70324F80940002E1BDA /* Localizable.strings */,
				5256A70424F80A33002E1BDA /* LocalizedStringProvider.swift */,
			);
			path = Localization;
			sourceTree = "<group>";
		};
		5256A71424F8351C002E1BDA /* ListDebtor */ = {
			isa = PBXGroup;
			children = (
				5256A71524F8355F002E1BDA /* ListDebtorView.swift */,
				5256A71B24F83669002E1BDA /* ListDebtorViewModel.swift */,
			);
			path = ListDebtor;
			sourceTree = "<group>";
		};
		5256A71824F83570002E1BDA /* TestData */ = {
			isa = PBXGroup;
			children = (
				5256A71D24F83701002E1BDA /* ListDebtor */,
			);
			path = TestData;
			sourceTree = "<group>";
		};
		5256A71D24F83701002E1BDA /* ListDebtor */ = {
			isa = PBXGroup;
			children = (
				5256A72024F83771002E1BDA /* Debtors.json */,
				5256A71E24F83715002E1BDA /* MockListDebtorViewModel.swift */,
				5256A72224F837E8002E1BDA /* JsonObject.swift */,
			);
			path = ListDebtor;
			sourceTree = "<group>";
		};
		525E60CF24F8FE8200B2565E /* Endpoints */ = {
			isa = PBXGroup;
			children = (
				525E60D824F9031800B2565E /* Endpoints.plist */,
				525E60DA24F903FB00B2565E /* Endpoints.swift */,
			);
			path = Endpoints;
			sourceTree = "<group>";
		};
		525E60D024F8FE8A00B2565E /* ApiKeys */ = {
			isa = PBXGroup;
			children = (
				525E60D124F8FE9C00B2565E /* ApiKeys.plist */,
				525E60D624F902D500B2565E /* ApiKeys.swift */,
			);
			path = ApiKeys;
			sourceTree = "<group>";
		};
		525E60D324F8FF9200B2565E /* Service */ = {
			isa = PBXGroup;
			children = (
				525E60D424F8FFA000B2565E /* Deobfuscation.swift */,
				525E60DF24F904AB00B2565E /* Plist.swift */,
				52D2C0DC24F98ECD00A80609 /* Log.swift */,
				52F941DD24F99DE300131B5F /* Throttler.swift */,
			);
			path = Service;
			sourceTree = "<group>";
		};
		525E60E324F905E000B2565E /* NetworkClient */ = {
			isa = PBXGroup;
			children = (
				52D2C0DA24F98D0A00A80609 /* DebtorsDataNetworkClient.swift */,
				525E60CD24F8EDE700B2565E /* TaskNetworkClient.swift */,
				52D2C0DE24F992ED00A80609 /* DebtorsNetworkClient.swift */,
				52F941D724F99B4000131B5F /* StatusNetworkClient.swift */,
			);
			path = NetworkClient;
			sourceTree = "<group>";
		};
		52D2C0E224F993B700A80609 /* Parameters */ = {
			isa = PBXGroup;
			children = (
				524CE7A124F7F62B00BC0DB1 /* TaskParameters.swift */,
				52D2C0E024F993B200A80609 /* DebtorsParameters.swift */,
			);
			path = Parameters;
			sourceTree = "<group>";
		};
/* End PBXGroup section */

/* Begin PBXNativeTarget section */
		524CE76024F7E49C00BC0DB1 /* CitilinkTestApp */ = {
			isa = PBXNativeTarget;
			buildConfigurationList = 524CE78024F7E4A000BC0DB1 /* Build configuration list for PBXNativeTarget "CitilinkTestApp" */;
			buildPhases = (
				524CE75D24F7E49C00BC0DB1 /* Sources */,
				524CE75E24F7E49C00BC0DB1 /* Frameworks */,
				524CE75F24F7E49C00BC0DB1 /* Resources */,
			);
			buildRules = (
			);
			dependencies = (
			);
			name = CitilinkTestApp;
			productName = CitilinkTestApp;
			productReference = 524CE76124F7E49C00BC0DB1 /* CitilinkTestApp.app */;
			productType = "com.apple.product-type.application";
		};
		524CE77624F7E4A000BC0DB1 /* CitilinkTestAppTests */ = {
			isa = PBXNativeTarget;
			buildConfigurationList = 524CE78324F7E4A000BC0DB1 /* Build configuration list for PBXNativeTarget "CitilinkTestAppTests" */;
			buildPhases = (
				524CE77324F7E4A000BC0DB1 /* Sources */,
				524CE77424F7E4A000BC0DB1 /* Frameworks */,
				524CE77524F7E4A000BC0DB1 /* Resources */,
			);
			buildRules = (
			);
			dependencies = (
				524CE77924F7E4A000BC0DB1 /* PBXTargetDependency */,
			);
			name = CitilinkTestAppTests;
			productName = CitilinkTestAppTests;
			productReference = 524CE77724F7E4A000BC0DB1 /* CitilinkTestAppTests.xctest */;
			productType = "com.apple.product-type.bundle.unit-test";
		};
/* End PBXNativeTarget section */

/* Begin PBXProject section */
		524CE75924F7E49C00BC0DB1 /* Project object */ = {
			isa = PBXProject;
			attributes = {
				LastSwiftUpdateCheck = 1160;
				LastUpgradeCheck = 1160;
				ORGANIZATIONNAME = "Nikita Nikitin";
				TargetAttributes = {
					524CE76024F7E49C00BC0DB1 = {
						CreatedOnToolsVersion = 11.6;
					};
					524CE77624F7E4A000BC0DB1 = {
						CreatedOnToolsVersion = 11.6;
						TestTargetID = 524CE76024F7E49C00BC0DB1;
					};
				};
			};
			buildConfigurationList = 524CE75C24F7E49C00BC0DB1 /* Build configuration list for PBXProject "CitilinkTestApp" */;
			compatibilityVersion = "Xcode 9.3";
			developmentRegion = en;
			hasScannedForEncodings = 0;
			knownRegions = (
				en,
				Base,
			);
			mainGroup = 524CE75824F7E49C00BC0DB1;
			productRefGroup = 524CE76224F7E49C00BC0DB1 /* Products */;
			projectDirPath = "";
			projectRoot = "";
			targets = (
				524CE76024F7E49C00BC0DB1 /* CitilinkTestApp */,
				524CE77624F7E4A000BC0DB1 /* CitilinkTestAppTests */,
			);
		};
/* End PBXProject section */

/* Begin PBXResourcesBuildPhase section */
		524CE75F24F7E49C00BC0DB1 /* Resources */ = {
			isa = PBXResourcesBuildPhase;
			buildActionMask = 2147483647;
			files = (
				525E60D224F8FE9C00B2565E /* ApiKeys.plist in Resources */,
				525E60D924F9031800B2565E /* Endpoints.plist in Resources */,
				524CE77124F7E4A000BC0DB1 /* LaunchScreen.storyboard in Resources */,
				5256A6F924F7FD6A002E1BDA /* Colors.xcassets in Resources */,
				5256A70124F80940002E1BDA /* Localizable.strings in Resources */,
				524CE76E24F7E4A000BC0DB1 /* Preview Assets.xcassets in Resources */,
				524CE76B24F7E4A000BC0DB1 /* Assets.xcassets in Resources */,
				5256A72124F83771002E1BDA /* Debtors.json in Resources */,
			);
			runOnlyForDeploymentPostprocessing = 0;
		};
		524CE77524F7E4A000BC0DB1 /* Resources */ = {
			isa = PBXResourcesBuildPhase;
			buildActionMask = 2147483647;
			files = (
			);
			runOnlyForDeploymentPostprocessing = 0;
		};
/* End PBXResourcesBuildPhase section */

/* Begin PBXSourcesBuildPhase section */
		524CE75D24F7E49C00BC0DB1 /* Sources */ = {
			isa = PBXSourcesBuildPhase;
			buildActionMask = 2147483647;
			files = (
				525E60E224F905DD00B2565E /* InputDataConstants.swift in Sources */,
				5256A71624F8355F002E1BDA /* ListDebtorView.swift in Sources */,
				52D2C0DD24F98ECD00A80609 /* Log.swift in Sources */,
				5256A70524F80A33002E1BDA /* LocalizedStringProvider.swift in Sources */,
				524CE76524F7E49C00BC0DB1 /* AppDelegate.swift in Sources */,
				5256A70724F80FB7002E1BDA /* String.swift in Sources */,
				5256A6F524F7FAF6002E1BDA /* TextFieldWithErrorAndTitle.swift in Sources */,
				52F941DA24F99C2400131B5F /* Status.swift in Sources */,
				5256A6F724F7FC8F002E1BDA /* TextFieldView.swift in Sources */,
				525E60DB24F903FB00B2565E /* Endpoints.swift in Sources */,
				52F941DE24F99DE300131B5F /* Throttler.swift in Sources */,
				5256A6FB24F7FD86002E1BDA /* Colors.swift in Sources */,
				524CE76724F7E49C00BC0DB1 /* SceneDelegate.swift in Sources */,
				524CE79B24F7EFCA00BC0DB1 /* URLSession.swift in Sources */,
				52D2C0D924F989A600A80609 /* Task.swift in Sources */,
				52F941DC24F99C6E00131B5F /* TaskStatus.swift in Sources */,
				525E60D724F902D500B2565E /* ApiKeys.swift in Sources */,
				525E60D524F8FFA000B2565E /* Deobfuscation.swift in Sources */,
				52F941E024F9B01400131B5F /* UIApplication.swift in Sources */,
				523F837624F841CF004BB760 /* InfoDebtorView.swift in Sources */,
				524CE79624F7EE8400BC0DB1 /* NetworkResult.swift in Sources */,
				525E60E024F904AB00B2565E /* Plist.swift in Sources */,
				52D2C0D724F9888400A80609 /* NetworkError.swift in Sources */,
				5256A71C24F83669002E1BDA /* ListDebtorViewModel.swift in Sources */,
				525E60CE24F8EDE700B2565E /* TaskNetworkClient.swift in Sources */,
				52D2C0E124F993B200A80609 /* DebtorsParameters.swift in Sources */,
				52D2C0DB24F98D0A00A80609 /* DebtorsDataNetworkClient.swift in Sources */,
				524CE78924F7E9CA00BC0DB1 /* Debtor.swift in Sources */,
				52F941D824F99B4000131B5F /* StatusNetworkClient.swift in Sources */,
				5256A70E24F82E23002E1BDA /* ActivityIndicator.swift in Sources */,
				5256A70A24F81574002E1BDA /* BirthdayText.swift in Sources */,
				524CE79F24F7F59A00BC0DB1 /* Encodable.swift in Sources */,
				524CE7A224F7F62B00BC0DB1 /* TaskParameters.swift in Sources */,
				5256A72324F837E8002E1BDA /* JsonObject.swift in Sources */,
				52D2C0D524F9841A00A80609 /* NetworkClientFactory.swift in Sources */,
				524CE79424F7EDF400BC0DB1 /* GetRequest.swift in Sources */,
				524CE78B24F7EBEF00BC0DB1 /* MainResponse.swift in Sources */,
				5256A71F24F83715002E1BDA /* MockListDebtorViewModel.swift in Sources */,
				52D2C0DF24F992ED00A80609 /* DebtorsNetworkClient.swift in Sources */,
				5256A70C24F82C27002E1BDA /* ButtonNext.swift in Sources */,
				5256A6FD24F7FF2A002E1BDA /* InputDataViewModel.swift in Sources */,
				525E60DE24F9044500B2565E /* DIContainer.swift in Sources */,
				524CE79124F7ED5500BC0DB1 /* HTTPStatusCode.swift in Sources */,
				5256A6F224F7FA76002E1BDA /* InputDataView.swift in Sources */,
				523F837824F84441004BB760 /* InfoDebtorSection.swift in Sources */,
			);
			runOnlyForDeploymentPostprocessing = 0;
		};
		524CE77324F7E4A000BC0DB1 /* Sources */ = {
			isa = PBXSourcesBuildPhase;
			buildActionMask = 2147483647;
			files = (
				524CE77C24F7E4A000BC0DB1 /* CitilinkTestAppTests.swift in Sources */,
			);
			runOnlyForDeploymentPostprocessing = 0;
		};
/* End PBXSourcesBuildPhase section */

/* Begin PBXTargetDependency section */
		524CE77924F7E4A000BC0DB1 /* PBXTargetDependency */ = {
			isa = PBXTargetDependency;
			target = 524CE76024F7E49C00BC0DB1 /* CitilinkTestApp */;
			targetProxy = 524CE77824F7E4A000BC0DB1 /* PBXContainerItemProxy */;
		};
/* End PBXTargetDependency section */

/* Begin PBXVariantGroup section */
		524CE76F24F7E4A000BC0DB1 /* LaunchScreen.storyboard */ = {
			isa = PBXVariantGroup;
			children = (
				524CE77024F7E4A000BC0DB1 /* Base */,
			);
			name = LaunchScreen.storyboard;
			sourceTree = "<group>";
		};
		5256A70324F80940002E1BDA /* Localizable.strings */ = {
			isa = PBXVariantGroup;
			children = (
				5256A70224F80940002E1BDA /* en */,
			);
			name = Localizable.strings;
			sourceTree = "<group>";
		};
/* End PBXVariantGroup section */

/* Begin XCBuildConfiguration section */
		524CE77E24F7E4A000BC0DB1 /* Debug */ = {
			isa = XCBuildConfiguration;
			buildSettings = {
				ALWAYS_SEARCH_USER_PATHS = NO;
				CLANG_ANALYZER_NONNULL = YES;
				CLANG_ANALYZER_NUMBER_OBJECT_CONVERSION = YES_AGGRESSIVE;
				CLANG_CXX_LANGUAGE_STANDARD = "gnu++14";
				CLANG_CXX_LIBRARY = "libc++";
				CLANG_ENABLE_MODULES = YES;
				CLANG_ENABLE_OBJC_ARC = YES;
				CLANG_ENABLE_OBJC_WEAK = YES;
				CLANG_WARN_BLOCK_CAPTURE_AUTORELEASING = YES;
				CLANG_WARN_BOOL_CONVERSION = YES;
				CLANG_WARN_COMMA = YES;
				CLANG_WARN_CONSTANT_CONVERSION = YES;
				CLANG_WARN_DEPRECATED_OBJC_IMPLEMENTATIONS = YES;
				CLANG_WARN_DIRECT_OBJC_ISA_USAGE = YES_ERROR;
				CLANG_WARN_DOCUMENTATION_COMMENTS = YES;
				CLANG_WARN_EMPTY_BODY = YES;
				CLANG_WARN_ENUM_CONVERSION = YES;
				CLANG_WARN_INFINITE_RECURSION = YES;
				CLANG_WARN_INT_CONVERSION = YES;
				CLANG_WARN_NON_LITERAL_NULL_CONVERSION = YES;
				CLANG_WARN_OBJC_IMPLICIT_RETAIN_SELF = YES;
				CLANG_WARN_OBJC_LITERAL_CONVERSION = YES;
				CLANG_WARN_OBJC_ROOT_CLASS = YES_ERROR;
				CLANG_WARN_RANGE_LOOP_ANALYSIS = YES;
				CLANG_WARN_STRICT_PROTOTYPES = YES;
				CLANG_WARN_SUSPICIOUS_MOVE = YES;
				CLANG_WARN_UNGUARDED_AVAILABILITY = YES_AGGRESSIVE;
				CLANG_WARN_UNREACHABLE_CODE = YES;
				CLANG_WARN__DUPLICATE_METHOD_MATCH = YES;
				COPY_PHASE_STRIP = NO;
				DEBUG_INFORMATION_FORMAT = dwarf;
				ENABLE_STRICT_OBJC_MSGSEND = YES;
				ENABLE_TESTABILITY = YES;
				GCC_C_LANGUAGE_STANDARD = gnu11;
				GCC_DYNAMIC_NO_PIC = NO;
				GCC_NO_COMMON_BLOCKS = YES;
				GCC_OPTIMIZATION_LEVEL = 0;
				GCC_PREPROCESSOR_DEFINITIONS = (
					"DEBUG=1",
					"$(inherited)",
				);
				GCC_WARN_64_TO_32_BIT_CONVERSION = YES;
				GCC_WARN_ABOUT_RETURN_TYPE = YES_ERROR;
				GCC_WARN_UNDECLARED_SELECTOR = YES;
				GCC_WARN_UNINITIALIZED_AUTOS = YES_AGGRESSIVE;
				GCC_WARN_UNUSED_FUNCTION = YES;
				GCC_WARN_UNUSED_VARIABLE = YES;
				IPHONEOS_DEPLOYMENT_TARGET = 13.6;
				MTL_ENABLE_DEBUG_INFO = INCLUDE_SOURCE;
				MTL_FAST_MATH = YES;
				ONLY_ACTIVE_ARCH = YES;
				SDKROOT = iphoneos;
				SWIFT_ACTIVE_COMPILATION_CONDITIONS = DEBUG;
				SWIFT_OPTIMIZATION_LEVEL = "-Onone";
			};
			name = Debug;
		};
		524CE77F24F7E4A000BC0DB1 /* Release */ = {
			isa = XCBuildConfiguration;
			buildSettings = {
				ALWAYS_SEARCH_USER_PATHS = NO;
				CLANG_ANALYZER_NONNULL = YES;
				CLANG_ANALYZER_NUMBER_OBJECT_CONVERSION = YES_AGGRESSIVE;
				CLANG_CXX_LANGUAGE_STANDARD = "gnu++14";
				CLANG_CXX_LIBRARY = "libc++";
				CLANG_ENABLE_MODULES = YES;
				CLANG_ENABLE_OBJC_ARC = YES;
				CLANG_ENABLE_OBJC_WEAK = YES;
				CLANG_WARN_BLOCK_CAPTURE_AUTORELEASING = YES;
				CLANG_WARN_BOOL_CONVERSION = YES;
				CLANG_WARN_COMMA = YES;
				CLANG_WARN_CONSTANT_CONVERSION = YES;
				CLANG_WARN_DEPRECATED_OBJC_IMPLEMENTATIONS = YES;
				CLANG_WARN_DIRECT_OBJC_ISA_USAGE = YES_ERROR;
				CLANG_WARN_DOCUMENTATION_COMMENTS = YES;
				CLANG_WARN_EMPTY_BODY = YES;
				CLANG_WARN_ENUM_CONVERSION = YES;
				CLANG_WARN_INFINITE_RECURSION = YES;
				CLANG_WARN_INT_CONVERSION = YES;
				CLANG_WARN_NON_LITERAL_NULL_CONVERSION = YES;
				CLANG_WARN_OBJC_IMPLICIT_RETAIN_SELF = YES;
				CLANG_WARN_OBJC_LITERAL_CONVERSION = YES;
				CLANG_WARN_OBJC_ROOT_CLASS = YES_ERROR;
				CLANG_WARN_RANGE_LOOP_ANALYSIS = YES;
				CLANG_WARN_STRICT_PROTOTYPES = YES;
				CLANG_WARN_SUSPICIOUS_MOVE = YES;
				CLANG_WARN_UNGUARDED_AVAILABILITY = YES_AGGRESSIVE;
				CLANG_WARN_UNREACHABLE_CODE = YES;
				CLANG_WARN__DUPLICATE_METHOD_MATCH = YES;
				COPY_PHASE_STRIP = NO;
				DEBUG_INFORMATION_FORMAT = "dwarf-with-dsym";
				ENABLE_NS_ASSERTIONS = NO;
				ENABLE_STRICT_OBJC_MSGSEND = YES;
				GCC_C_LANGUAGE_STANDARD = gnu11;
				GCC_NO_COMMON_BLOCKS = YES;
				GCC_WARN_64_TO_32_BIT_CONVERSION = YES;
				GCC_WARN_ABOUT_RETURN_TYPE = YES_ERROR;
				GCC_WARN_UNDECLARED_SELECTOR = YES;
				GCC_WARN_UNINITIALIZED_AUTOS = YES_AGGRESSIVE;
				GCC_WARN_UNUSED_FUNCTION = YES;
				GCC_WARN_UNUSED_VARIABLE = YES;
				IPHONEOS_DEPLOYMENT_TARGET = 13.6;
				MTL_ENABLE_DEBUG_INFO = NO;
				MTL_FAST_MATH = YES;
				SDKROOT = iphoneos;
				SWIFT_COMPILATION_MODE = wholemodule;
				SWIFT_OPTIMIZATION_LEVEL = "-O";
				VALIDATE_PRODUCT = YES;
			};
			name = Release;
		};
		524CE78124F7E4A000BC0DB1 /* Debug */ = {
			isa = XCBuildConfiguration;
			buildSettings = {
				ASSETCATALOG_COMPILER_APPICON_NAME = AppIcon;
				CODE_SIGN_STYLE = Automatic;
				DEVELOPMENT_ASSET_PATHS = "CitilinkTestApp/TestData CitilinkTestApp/Preview\\ Content";
				DEVELOPMENT_TEAM = HBK9C6DHWM;
				ENABLE_PREVIEWS = YES;
				INFOPLIST_FILE = CitilinkTestApp/Info.plist;
				LD_RUNPATH_SEARCH_PATHS = (
					"$(inherited)",
					"@executable_path/Frameworks",
				);
				PRODUCT_BUNDLE_IDENTIFIER = nikita.nikitin.com.CitilinkTestApp;
				PRODUCT_NAME = "$(TARGET_NAME)";
				SWIFT_VERSION = 5.0;
				TARGETED_DEVICE_FAMILY = "1,2";
			};
			name = Debug;
		};
		524CE78224F7E4A000BC0DB1 /* Release */ = {
			isa = XCBuildConfiguration;
			buildSettings = {
				ASSETCATALOG_COMPILER_APPICON_NAME = AppIcon;
				CODE_SIGN_STYLE = Automatic;
				DEVELOPMENT_ASSET_PATHS = "CitilinkTestApp/TestData CitilinkTestApp/Preview\\ Content";
				DEVELOPMENT_TEAM = HBK9C6DHWM;
				ENABLE_PREVIEWS = YES;
				INFOPLIST_FILE = CitilinkTestApp/Info.plist;
				LD_RUNPATH_SEARCH_PATHS = (
					"$(inherited)",
					"@executable_path/Frameworks",
				);
				PRODUCT_BUNDLE_IDENTIFIER = nikita.nikitin.com.CitilinkTestApp;
				PRODUCT_NAME = "$(TARGET_NAME)";
				SWIFT_VERSION = 5.0;
				TARGETED_DEVICE_FAMILY = "1,2";
			};
			name = Release;
		};
		524CE78424F7E4A000BC0DB1 /* Debug */ = {
			isa = XCBuildConfiguration;
			buildSettings = {
				ALWAYS_EMBED_SWIFT_STANDARD_LIBRARIES = YES;
				BUNDLE_LOADER = "$(TEST_HOST)";
				CODE_SIGN_STYLE = Automatic;
				DEVELOPMENT_TEAM = HBK9C6DHWM;
				INFOPLIST_FILE = CitilinkTestAppTests/Info.plist;
				IPHONEOS_DEPLOYMENT_TARGET = 13.6;
				LD_RUNPATH_SEARCH_PATHS = (
					"$(inherited)",
					"@executable_path/Frameworks",
					"@loader_path/Frameworks",
				);
				PRODUCT_BUNDLE_IDENTIFIER = nikita.nikitin.com.CitilinkTestAppTests;
				PRODUCT_NAME = "$(TARGET_NAME)";
				SWIFT_VERSION = 5.0;
				TARGETED_DEVICE_FAMILY = "1,2";
				TEST_HOST = "$(BUILT_PRODUCTS_DIR)/CitilinkTestApp.app/CitilinkTestApp";
			};
			name = Debug;
		};
		524CE78524F7E4A000BC0DB1 /* Release */ = {
			isa = XCBuildConfiguration;
			buildSettings = {
				ALWAYS_EMBED_SWIFT_STANDARD_LIBRARIES = YES;
				BUNDLE_LOADER = "$(TEST_HOST)";
				CODE_SIGN_STYLE = Automatic;
				DEVELOPMENT_TEAM = HBK9C6DHWM;
				INFOPLIST_FILE = CitilinkTestAppTests/Info.plist;
				IPHONEOS_DEPLOYMENT_TARGET = 13.6;
				LD_RUNPATH_SEARCH_PATHS = (
					"$(inherited)",
					"@executable_path/Frameworks",
					"@loader_path/Frameworks",
				);
				PRODUCT_BUNDLE_IDENTIFIER = nikita.nikitin.com.CitilinkTestAppTests;
				PRODUCT_NAME = "$(TARGET_NAME)";
				SWIFT_VERSION = 5.0;
				TARGETED_DEVICE_FAMILY = "1,2";
				TEST_HOST = "$(BUILT_PRODUCTS_DIR)/CitilinkTestApp.app/CitilinkTestApp";
			};
			name = Release;
		};
/* End XCBuildConfiguration section */

/* Begin XCConfigurationList section */
		524CE75C24F7E49C00BC0DB1 /* Build configuration list for PBXProject "CitilinkTestApp" */ = {
			isa = XCConfigurationList;
			buildConfigurations = (
				524CE77E24F7E4A000BC0DB1 /* Debug */,
				524CE77F24F7E4A000BC0DB1 /* Release */,
			);
			defaultConfigurationIsVisible = 0;
			defaultConfigurationName = Release;
		};
		524CE78024F7E4A000BC0DB1 /* Build configuration list for PBXNativeTarget "CitilinkTestApp" */ = {
			isa = XCConfigurationList;
			buildConfigurations = (
				524CE78124F7E4A000BC0DB1 /* Debug */,
				524CE78224F7E4A000BC0DB1 /* Release */,
			);
			defaultConfigurationIsVisible = 0;
			defaultConfigurationName = Release;
		};
		524CE78324F7E4A000BC0DB1 /* Build configuration list for PBXNativeTarget "CitilinkTestAppTests" */ = {
			isa = XCConfigurationList;
			buildConfigurations = (
				524CE78424F7E4A000BC0DB1 /* Debug */,
				524CE78524F7E4A000BC0DB1 /* Release */,
			);
			defaultConfigurationIsVisible = 0;
			defaultConfigurationName = Release;
		};
/* End XCConfigurationList section */
	};
	rootObject = 524CE75924F7E49C00BC0DB1 /* Project object */;
}
